{
    "_meta": {
        "hash": {
            "sha256": "09668e44ad21bb4fd3af152bd71b9efbb91c7c954460a98b1d556a53eefd4814"
        },
        "host-environment-markers": {
            "implementation_name": "cpython",
            "implementation_version": "0",
            "os_name": "posix",
            "platform_machine": "x86_64",
            "platform_python_implementation": "CPython",
            "platform_release": "3.10.0-693.11.6.el7.x86_64",
            "platform_system": "Linux",
            "platform_version": "#1 SMP Thu Jan 4 01:06:37 UTC 2018",
            "python_full_version": "2.7.5",
            "python_version": "2.7",
            "sys_platform": "linux2"
        },
        "pipfile-spec": 6,
        "requires": {
            "python_version": "2.7"
        },
        "sources": [
            {
                "name": "pypi",
                "url": "https://pypi.python.org/simple",
                "verify_ssl": true
            }
        ]
    },
    "default": {},
    "develop": {
        "attrs": {
            "hashes": [],
            "version": "==17.4.0"
        },
        "funcsigs": {
            "hashes": [],
            "markers": "python_version < '3.3'",
            "version": "==1.0.2"
        },
        "mock": {
            "hashes": [],
            "markers": "python_version == '2.6' or python_version == '2.7'",
            "version": "==2.0.0"
        },
        "pbr": {
            "hashes": [],
            "version": "==3.1.1"
        },
        "pluggy": {
            "hashes": [],
            "version": "==0.6.0"
        },
        "py": {
            "hashes": [],
            "version": "==1.5.2"
        },
        "pytest": {
            "hashes": [],
            "version": "==3.3.2"
        },
        "pytest-mock": {
            "hashes": [],
            "version": "==1.6.3"
        },
        "six": {
            "hashes": [],
            "version": "==1.11.0"
        }
    }
}
